
Microsoft Visual Studio Solution File, Format Version 12.00
# Visual Studio 14
VisualStudioVersion = 14.0.25123.0
MinimumVisualStudioVersion = 10.0.40219.1
Project("{FAE04EC0-301F-11D3-BF4B-00C04F79EFBC}") = "Franky.Droid", "Franky\Franky.Droid\Franky.Droid.csproj", "{4460C3C4-B7BD-4A73-9BF5-C7EBA7358CDE}"
EndProject
Project("{FAE04EC0-301F-11D3-BF4B-00C04F79EFBC}") = "Franky.iOS", "Franky\Franky.iOS\Franky.iOS.csproj", "{7C3B6CB9-4A83-4761-AF94-54D073B071AF}"
EndProject
Project("{FAE04EC0-301F-11D3-BF4B-00C04F79EFBC}") = "Franky.WinPhone", "Franky\Franky.WinPhone\Franky.WinPhone.csproj", "{924A20A8-B82C-4B7D-9C46-5DB58006995C}"
EndProject
Project("{FAE04EC0-301F-11D3-BF4B-00C04F79EFBC}") = "Franky.UWP", "Franky\Franky.UWP\Franky.UWP.csproj", "{74FA2B2F-89EC-4C72-9FE2-6E36DE3C49ED}"
EndProject
Project("{FAE04EC0-301F-11D3-BF4B-00C04F79EFBC}") = "Franky.Windows", "Franky\Franky.Windows\Franky.Windows.csproj", "{FCC49335-A83B-46DB-86B1-71A0E6AFC0E6}"
EndProject
Project("{FAE04EC0-301F-11D3-BF4B-00C04F79EFBC}") = "Franky", "Franky\Franky\Franky.csproj", "{B027A8E5-42A5-47C5-9BBD-5A87D7A6522B}"
EndProject
Project("{FAE04EC0-301F-11D3-BF4B-00C04F79EFBC}") = "TurtleMatix.Core", "..\src\TurtleMatix.Core\TurtleMatix.Core.csproj", "{C0C04258-0808-4C87-8DCE-B1661C7E5021}"
EndProject
Global
	GlobalSection(SolutionConfigurationPlatforms) = preSolution
		Ad-Hoc|Any CPU = Ad-Hoc|Any CPU
		Ad-Hoc|ARM = Ad-Hoc|ARM
		Ad-Hoc|iPhone = Ad-Hoc|iPhone
		Ad-Hoc|iPhoneSimulator = Ad-Hoc|iPhoneSimulator
		Ad-Hoc|x64 = Ad-Hoc|x64
		Ad-Hoc|x86 = Ad-Hoc|x86
		AppStore|Any CPU = AppStore|Any CPU
		AppStore|ARM = AppStore|ARM
		AppStore|iPhone = AppStore|iPhone
		AppStore|iPhoneSimulator = AppStore|iPhoneSimulator
		AppStore|x64 = AppStore|x64
		AppStore|x86 = AppStore|x86
		Debug|Any CPU = Debug|Any CPU
		Debug|ARM = Debug|ARM
		Debug|iPhone = Debug|iPhone
		Debug|iPhoneSimulator = Debug|iPhoneSimulator
		Debug|x64 = Debug|x64
		Debug|x86 = Debug|x86
		Release|Any CPU = Release|Any CPU
		Release|ARM = Release|ARM
		Release|iPhone = Release|iPhone
		Release|iPhoneSimulator = Release|iPhoneSimulator
		Release|x64 = Release|x64
		Release|x86 = Release|x86
	EndGlobalSection
	GlobalSection(ProjectConfigurationPlatforms) = postSolution
		{4460C3C4-B7BD-4A73-9BF5-C7EBA7358CDE}.Ad-Hoc|Any CPU.ActiveCfg = Release|Any CPU
		{4460C3C4-B7BD-4A73-9BF5-C7EBA7358CDE}.Ad-Hoc|Any CPU.Build.0 = Release|Any CPU
		{4460C3C4-B7BD-4A73-9BF5-C7EBA7358CDE}.Ad-Hoc|Any CPU.Deploy.0 = Release|Any CPU
		{4460C3C4-B7BD-4A73-9BF5-C7EBA7358CDE}.Ad-Hoc|ARM.ActiveCfg = Release|Any CPU
		{4460C3C4-B7BD-4A73-9BF5-C7EBA7358CDE}.Ad-Hoc|ARM.Build.0 = Release|Any CPU
		{4460C3C4-B7BD-4A73-9BF5-C7EBA7358CDE}.Ad-Hoc|ARM.Deploy.0 = Release|Any CPU
		{4460C3C4-B7BD-4A73-9BF5-C7EBA7358CDE}.Ad-Hoc|iPhone.ActiveCfg = Release|Any CPU
		{4460C3C4-B7BD-4A73-9BF5-C7EBA7358CDE}.Ad-Hoc|iPhone.Build.0 = Release|Any CPU
		{4460C3C4-B7BD-4A73-9BF5-C7EBA7358CDE}.Ad-Hoc|iPhone.Deploy.0 = Release|Any CPU
		{4460C3C4-B7BD-4A73-9BF5-C7EBA7358CDE}.Ad-Hoc|iPhoneSimulator.ActiveCfg = Release|Any CPU
		{4460C3C4-B7BD-4A73-9BF5-C7EBA7358CDE}.Ad-Hoc|iPhoneSimulator.Build.0 = Release|Any CPU
		{4460C3C4-B7BD-4A73-9BF5-C7EBA7358CDE}.Ad-Hoc|iPhoneSimulator.Deploy.0 = Release|Any CPU
		{4460C3C4-B7BD-4A73-9BF5-C7EBA7358CDE}.Ad-Hoc|x64.ActiveCfg = Release|Any CPU
		{4460C3C4-B7BD-4A73-9BF5-C7EBA7358CDE}.Ad-Hoc|x64.Build.0 = Release|Any CPU
		{4460C3C4-B7BD-4A73-9BF5-C7EBA7358CDE}.Ad-Hoc|x64.Deploy.0 = Release|Any CPU
		{4460C3C4-B7BD-4A73-9BF5-C7EBA7358CDE}.Ad-Hoc|x86.ActiveCfg = Release|Any CPU
		{4460C3C4-B7BD-4A73-9BF5-C7EBA7358CDE}.Ad-Hoc|x86.Build.0 = Release|Any CPU
		{4460C3C4-B7BD-4A73-9BF5-C7EBA7358CDE}.Ad-Hoc|x86.Deploy.0 = Release|Any CPU
		{4460C3C4-B7BD-4A73-9BF5-C7EBA7358CDE}.AppStore|Any CPU.ActiveCfg = Release|Any CPU
		{4460C3C4-B7BD-4A73-9BF5-C7EBA7358CDE}.AppStore|Any CPU.Build.0 = Release|Any CPU
		{4460C3C4-B7BD-4A73-9BF5-C7EBA7358CDE}.AppStore|Any CPU.Deploy.0 = Release|Any CPU
		{4460C3C4-B7BD-4A73-9BF5-C7EBA7358CDE}.AppStore|ARM.ActiveCfg = Release|Any CPU
		{4460C3C4-B7BD-4A73-9BF5-C7EBA7358CDE}.AppStore|ARM.Build.0 = Release|Any CPU
		{4460C3C4-B7BD-4A73-9BF5-C7EBA7358CDE}.AppStore|ARM.Deploy.0 = Release|Any CPU
		{4460C3C4-B7BD-4A73-9BF5-C7EBA7358CDE}.AppStore|iPhone.ActiveCfg = Release|Any CPU
		{4460C3C4-B7BD-4A73-9BF5-C7EBA7358CDE}.AppStore|iPhone.Build.0 = Release|Any CPU
		{4460C3C4-B7BD-4A73-9BF5-C7EBA7358CDE}.AppStore|iPhone.Deploy.0 = Release|Any CPU
		{4460C3C4-B7BD-4A73-9BF5-C7EBA7358CDE}.AppStore|iPhoneSimulator.ActiveCfg = Release|Any CPU
		{4460C3C4-B7BD-4A73-9BF5-C7EBA7358CDE}.AppStore|iPhoneSimulator.Build.0 = Release|Any CPU
		{4460C3C4-B7BD-4A73-9BF5-C7EBA7358CDE}.AppStore|iPhoneSimulator.Deploy.0 = Release|Any CPU
		{4460C3C4-B7BD-4A73-9BF5-C7EBA7358CDE}.AppStore|x64.ActiveCfg = Release|Any CPU
		{4460C3C4-B7BD-4A73-9BF5-C7EBA7358CDE}.AppStore|x64.Build.0 = Release|Any CPU
		{4460C3C4-B7BD-4A73-9BF5-C7EBA7358CDE}.AppStore|x64.Deploy.0 = Release|Any CPU
		{4460C3C4-B7BD-4A73-9BF5-C7EBA7358CDE}.AppStore|x86.ActiveCfg = Release|Any CPU
		{4460C3C4-B7BD-4A73-9BF5-C7EBA7358CDE}.AppStore|x86.Build.0 = Release|Any CPU
		{4460C3C4-B7BD-4A73-9BF5-C7EBA7358CDE}.AppStore|x86.Deploy.0 = Release|Any CPU
		{4460C3C4-B7BD-4A73-9BF5-C7EBA7358CDE}.Debug|Any CPU.ActiveCfg = Debug|Any CPU
		{4460C3C4-B7BD-4A73-9BF5-C7EBA7358CDE}.Debug|Any CPU.Build.0 = Debug|Any CPU
		{4460C3C4-B7BD-4A73-9BF5-C7EBA7358CDE}.Debug|Any CPU.Deploy.0 = Debug|Any CPU
		{4460C3C4-B7BD-4A73-9BF5-C7EBA7358CDE}.Debug|ARM.ActiveCfg = Debug|Any CPU
		{4460C3C4-B7BD-4A73-9BF5-C7EBA7358CDE}.Debug|ARM.Build.0 = Debug|Any CPU
		{4460C3C4-B7BD-4A73-9BF5-C7EBA7358CDE}.Debug|ARM.Deploy.0 = Debug|Any CPU
		{4460C3C4-B7BD-4A73-9BF5-C7EBA7358CDE}.Debug|iPhone.ActiveCfg = Debug|Any CPU
		{4460C3C4-B7BD-4A73-9BF5-C7EBA7358CDE}.Debug|iPhone.Build.0 = Debug|Any CPU
		{4460C3C4-B7BD-4A73-9BF5-C7EBA7358CDE}.Debug|iPhone.Deploy.0 = Debug|Any CPU
		{4460C3C4-B7BD-4A73-9BF5-C7EBA7358CDE}.Debug|iPhoneSimulator.ActiveCfg = Debug|Any CPU
		{4460C3C4-B7BD-4A73-9BF5-C7EBA7358CDE}.Debug|iPhoneSimulator.Build.0 = Debug|Any CPU
		{4460C3C4-B7BD-4A73-9BF5-C7EBA7358CDE}.Debug|iPhoneSimulator.Deploy.0 = Debug|Any CPU
		{4460C3C4-B7BD-4A73-9BF5-C7EBA7358CDE}.Debug|x64.ActiveCfg = Debug|Any CPU
		{4460C3C4-B7BD-4A73-9BF5-C7EBA7358CDE}.Debug|x64.Build.0 = Debug|Any CPU
		{4460C3C4-B7BD-4A73-9BF5-C7EBA7358CDE}.Debug|x64.Deploy.0 = Debug|Any CPU
		{4460C3C4-B7BD-4A73-9BF5-C7EBA7358CDE}.Debug|x86.ActiveCfg = Debug|Any CPU
		{4460C3C4-B7BD-4A73-9BF5-C7EBA7358CDE}.Debug|x86.Build.0 = Debug|Any CPU
		{4460C3C4-B7BD-4A73-9BF5-C7EBA7358CDE}.Debug|x86.Deploy.0 = Debug|Any CPU
		{4460C3C4-B7BD-4A73-9BF5-C7EBA7358CDE}.Release|Any CPU.ActiveCfg = Release|Any CPU
		{4460C3C4-B7BD-4A73-9BF5-C7EBA7358CDE}.Release|Any CPU.Build.0 = Release|Any CPU
		{4460C3C4-B7BD-4A73-9BF5-C7EBA7358CDE}.Release|Any CPU.Deploy.0 = Release|Any CPU
		{4460C3C4-B7BD-4A73-9BF5-C7EBA7358CDE}.Release|ARM.ActiveCfg = Release|Any CPU
		{4460C3C4-B7BD-4A73-9BF5-C7EBA7358CDE}.Release|ARM.Build.0 = Release|Any CPU
		{4460C3C4-B7BD-4A73-9BF5-C7EBA7358CDE}.Release|ARM.Deploy.0 = Release|Any CPU
		{4460C3C4-B7BD-4A73-9BF5-C7EBA7358CDE}.Release|iPhone.ActiveCfg = Release|Any CPU
		{4460C3C4-B7BD-4A73-9BF5-C7EBA7358CDE}.Release|iPhone.Build.0 = Release|Any CPU
		{4460C3C4-B7BD-4A73-9BF5-C7EBA7358CDE}.Release|iPhone.Deploy.0 = Release|Any CPU
		{4460C3C4-B7BD-4A73-9BF5-C7EBA7358CDE}.Release|iPhoneSimulator.ActiveCfg = Release|Any CPU
		{4460C3C4-B7BD-4A73-9BF5-C7EBA7358CDE}.Release|iPhoneSimulator.Build.0 = Release|Any CPU
		{4460C3C4-B7BD-4A73-9BF5-C7EBA7358CDE}.Release|iPhoneSimulator.Deploy.0 = Release|Any CPU
		{4460C3C4-B7BD-4A73-9BF5-C7EBA7358CDE}.Release|x64.ActiveCfg = Release|Any CPU
		{4460C3C4-B7BD-4A73-9BF5-C7EBA7358CDE}.Release|x64.Build.0 = Release|Any CPU
		{4460C3C4-B7BD-4A73-9BF5-C7EBA7358CDE}.Release|x64.Deploy.0 = Release|Any CPU
		{4460C3C4-B7BD-4A73-9BF5-C7EBA7358CDE}.Release|x86.ActiveCfg = Release|Any CPU
		{4460C3C4-B7BD-4A73-9BF5-C7EBA7358CDE}.Release|x86.Build.0 = Release|Any CPU
		{4460C3C4-B7BD-4A73-9BF5-C7EBA7358CDE}.Release|x86.Deploy.0 = Release|Any CPU
		{7C3B6CB9-4A83-4761-AF94-54D073B071AF}.Ad-Hoc|Any CPU.ActiveCfg = Ad-Hoc|iPhone
		{7C3B6CB9-4A83-4761-AF94-54D073B071AF}.Ad-Hoc|ARM.ActiveCfg = Ad-Hoc|iPhone
		{7C3B6CB9-4A83-4761-AF94-54D073B071AF}.Ad-Hoc|iPhone.ActiveCfg = Ad-Hoc|iPhone
		{7C3B6CB9-4A83-4761-AF94-54D073B071AF}.Ad-Hoc|iPhone.Build.0 = Ad-Hoc|iPhone
		{7C3B6CB9-4A83-4761-AF94-54D073B071AF}.Ad-Hoc|iPhoneSimulator.ActiveCfg = Ad-Hoc|iPhoneSimulator
		{7C3B6CB9-4A83-4761-AF94-54D073B071AF}.Ad-Hoc|iPhoneSimulator.Build.0 = Ad-Hoc|iPhoneSimulator
		{7C3B6CB9-4A83-4761-AF94-54D073B071AF}.Ad-Hoc|x64.ActiveCfg = Ad-Hoc|iPhone
		{7C3B6CB9-4A83-4761-AF94-54D073B071AF}.Ad-Hoc|x86.ActiveCfg = Ad-Hoc|iPhone
		{7C3B6CB9-4A83-4761-AF94-54D073B071AF}.AppStore|Any CPU.ActiveCfg = AppStore|iPhone
		{7C3B6CB9-4A83-4761-AF94-54D073B071AF}.AppStore|ARM.ActiveCfg = AppStore|iPhone
		{7C3B6CB9-4A83-4761-AF94-54D073B071AF}.AppStore|iPhone.ActiveCfg = AppStore|iPhone
		{7C3B6CB9-4A83-4761-AF94-54D073B071AF}.AppStore|iPhone.Build.0 = AppStore|iPhone
		{7C3B6CB9-4A83-4761-AF94-54D073B071AF}.AppStore|iPhoneSimulator.ActiveCfg = AppStore|iPhoneSimulator
		{7C3B6CB9-4A83-4761-AF94-54D073B071AF}.AppStore|iPhoneSimulator.Build.0 = AppStore|iPhoneSimulator
		{7C3B6CB9-4A83-4761-AF94-54D073B071AF}.AppStore|x64.ActiveCfg = AppStore|iPhone
		{7C3B6CB9-4A83-4761-AF94-54D073B071AF}.AppStore|x86.ActiveCfg = AppStore|iPhone
		{7C3B6CB9-4A83-4761-AF94-54D073B071AF}.Debug|Any CPU.ActiveCfg = Debug|iPhone
		{7C3B6CB9-4A83-4761-AF94-54D073B071AF}.Debug|ARM.ActiveCfg = Debug|iPhone
		{7C3B6CB9-4A83-4761-AF94-54D073B071AF}.Debug|iPhone.ActiveCfg = Debug|iPhone
		{7C3B6CB9-4A83-4761-AF94-54D073B071AF}.Debug|iPhone.Build.0 = Debug|iPhone
		{7C3B6CB9-4A83-4761-AF94-54D073B071AF}.Debug|iPhoneSimulator.ActiveCfg = Debug|iPhoneSimulator
		{7C3B6CB9-4A83-4761-AF94-54D073B071AF}.Debug|iPhoneSimulator.Build.0 = Debug|iPhoneSimulator
		{7C3B6CB9-4A83-4761-AF94-54D073B071AF}.Debug|x64.ActiveCfg = Debug|iPhone
		{7C3B6CB9-4A83-4761-AF94-54D073B071AF}.Debug|x86.ActiveCfg = Debug|iPhone
		{7C3B6CB9-4A83-4761-AF94-54D073B071AF}.Release|Any CPU.ActiveCfg = Release|iPhone
		{7C3B6CB9-4A83-4761-AF94-54D073B071AF}.Release|ARM.ActiveCfg = Release|iPhone
		{7C3B6CB9-4A83-4761-AF94-54D073B071AF}.Release|iPhone.ActiveCfg = Release|iPhone
		{7C3B6CB9-4A83-4761-AF94-54D073B071AF}.Release|iPhone.Build.0 = Release|iPhone
		{7C3B6CB9-4A83-4761-AF94-54D073B071AF}.Release|iPhoneSimulator.ActiveCfg = Release|iPhoneSimulator
		{7C3B6CB9-4A83-4761-AF94-54D073B071AF}.Release|iPhoneSimulator.Build.0 = Release|iPhoneSimulator
		{7C3B6CB9-4A83-4761-AF94-54D073B071AF}.Release|x64.ActiveCfg = Release|iPhone
		{7C3B6CB9-4A83-4761-AF94-54D073B071AF}.Release|x86.ActiveCfg = Release|iPhone
		{924A20A8-B82C-4B7D-9C46-5DB58006995C}.Ad-Hoc|Any CPU.ActiveCfg = Release|Any CPU
		{924A20A8-B82C-4B7D-9C46-5DB58006995C}.Ad-Hoc|Any CPU.Build.0 = Release|Any CPU
		{924A20A8-B82C-4B7D-9C46-5DB58006995C}.Ad-Hoc|Any CPU.Deploy.0 = Release|Any CPU
		{924A20A8-B82C-4B7D-9C46-5DB58006995C}.Ad-Hoc|ARM.ActiveCfg = Release|ARM
		{924A20A8-B82C-4B7D-9C46-5DB58006995C}.Ad-Hoc|ARM.Build.0 = Release|ARM
		{924A20A8-B82C-4B7D-9C46-5DB58006995C}.Ad-Hoc|ARM.Deploy.0 = Release|ARM
		{924A20A8-B82C-4B7D-9C46-5DB58006995C}.Ad-Hoc|iPhone.ActiveCfg = Release|Any CPU
		{924A20A8-B82C-4B7D-9C46-5DB58006995C}.Ad-Hoc|iPhone.Build.0 = Release|Any CPU
		{924A20A8-B82C-4B7D-9C46-5DB58006995C}.Ad-Hoc|iPhone.Deploy.0 = Release|Any CPU
		{924A20A8-B82C-4B7D-9C46-5DB58006995C}.Ad-Hoc|iPhoneSimulator.ActiveCfg = Release|Any CPU
		{924A20A8-B82C-4B7D-9C46-5DB58006995C}.Ad-Hoc|iPhoneSimulator.Build.0 = Release|Any CPU
		{924A20A8-B82C-4B7D-9C46-5DB58006995C}.Ad-Hoc|iPhoneSimulator.Deploy.0 = Release|Any CPU
		{924A20A8-B82C-4B7D-9C46-5DB58006995C}.Ad-Hoc|x64.ActiveCfg = Release|Any CPU
		{924A20A8-B82C-4B7D-9C46-5DB58006995C}.Ad-Hoc|x64.Build.0 = Release|Any CPU
		{924A20A8-B82C-4B7D-9C46-5DB58006995C}.Ad-Hoc|x64.Deploy.0 = Release|Any CPU
		{924A20A8-B82C-4B7D-9C46-5DB58006995C}.Ad-Hoc|x86.ActiveCfg = Release|x86
		{924A20A8-B82C-4B7D-9C46-5DB58006995C}.Ad-Hoc|x86.Build.0 = Release|x86
		{924A20A8-B82C-4B7D-9C46-5DB58006995C}.Ad-Hoc|x86.Deploy.0 = Release|x86
		{924A20A8-B82C-4B7D-9C46-5DB58006995C}.AppStore|Any CPU.ActiveCfg = Release|Any CPU
		{924A20A8-B82C-4B7D-9C46-5DB58006995C}.AppStore|Any CPU.Build.0 = Release|Any CPU
		{924A20A8-B82C-4B7D-9C46-5DB58006995C}.AppStore|Any CPU.Deploy.0 = Release|Any CPU
		{924A20A8-B82C-4B7D-9C46-5DB58006995C}.AppStore|ARM.ActiveCfg = Release|ARM
		{924A20A8-B82C-4B7D-9C46-5DB58006995C}.AppStore|ARM.Build.0 = Release|ARM
		{924A20A8-B82C-4B7D-9C46-5DB58006995C}.AppStore|ARM.Deploy.0 = Release|ARM
		{924A20A8-B82C-4B7D-9C46-5DB58006995C}.AppStore|iPhone.ActiveCfg = Release|Any CPU
		{924A20A8-B82C-4B7D-9C46-5DB58006995C}.AppStore|iPhone.Build.0 = Release|Any CPU
		{924A20A8-B82C-4B7D-9C46-5DB58006995C}.AppStore|iPhone.Deploy.0 = Release|Any CPU
		{924A20A8-B82C-4B7D-9C46-5DB58006995C}.AppStore|iPhoneSimulator.ActiveCfg = Release|Any CPU
		{924A20A8-B82C-4B7D-9C46-5DB58006995C}.AppStore|iPhoneSimulator.Build.0 = Release|Any CPU
		{924A20A8-B82C-4B7D-9C46-5DB58006995C}.AppStore|iPhoneSimulator.Deploy.0 = Release|Any CPU
		{924A20A8-B82C-4B7D-9C46-5DB58006995C}.AppStore|x64.ActiveCfg = Release|Any CPU
		{924A20A8-B82C-4B7D-9C46-5DB58006995C}.AppStore|x64.Build.0 = Release|Any CPU
		{924A20A8-B82C-4B7D-9C46-5DB58006995C}.AppStore|x64.Deploy.0 = Release|Any CPU
		{924A20A8-B82C-4B7D-9C46-5DB58006995C}.AppStore|x86.ActiveCfg = Release|x86
		{924A20A8-B82C-4B7D-9C46-5DB58006995C}.AppStore|x86.Build.0 = Release|x86
		{924A20A8-B82C-4B7D-9C46-5DB58006995C}.AppStore|x86.Deploy.0 = Release|x86
		{924A20A8-B82C-4B7D-9C46-5DB58006995C}.Debug|Any CPU.ActiveCfg = Debug|Any CPU
		{924A20A8-B82C-4B7D-9C46-5DB58006995C}.Debug|Any CPU.Build.0 = Debug|Any CPU
		{924A20A8-B82C-4B7D-9C46-5DB58006995C}.Debug|Any CPU.Deploy.0 = Debug|Any CPU
		{924A20A8-B82C-4B7D-9C46-5DB58006995C}.Debug|ARM.ActiveCfg = Debug|ARM
		{924A20A8-B82C-4B7D-9C46-5DB58006995C}.Debug|ARM.Build.0 = Debug|ARM
		{924A20A8-B82C-4B7D-9C46-5DB58006995C}.Debug|ARM.Deploy.0 = Debug|ARM
		{924A20A8-B82C-4B7D-9C46-5DB58006995C}.Debug|iPhone.ActiveCfg = Debug|Any CPU
		{924A20A8-B82C-4B7D-9C46-5DB58006995C}.Debug|iPhone.Build.0 = Debug|Any CPU
		{924A20A8-B82C-4B7D-9C46-5DB58006995C}.Debug|iPhone.Deploy.0 = Debug|Any CPU
		{924A20A8-B82C-4B7D-9C46-5DB58006995C}.Debug|iPhoneSimulator.ActiveCfg = Debug|Any CPU
		{924A20A8-B82C-4B7D-9C46-5DB58006995C}.Debug|iPhoneSimulator.Build.0 = Debug|Any CPU
		{924A20A8-B82C-4B7D-9C46-5DB58006995C}.Debug|iPhoneSimulator.Deploy.0 = Debug|Any CPU
		{924A20A8-B82C-4B7D-9C46-5DB58006995C}.Debug|x64.ActiveCfg = Debug|Any CPU
		{924A20A8-B82C-4B7D-9C46-5DB58006995C}.Debug|x64.Build.0 = Debug|Any CPU
		{924A20A8-B82C-4B7D-9C46-5DB58006995C}.Debug|x64.Deploy.0 = Debug|Any CPU
		{924A20A8-B82C-4B7D-9C46-5DB58006995C}.Debug|x86.ActiveCfg = Debug|x86
		{924A20A8-B82C-4B7D-9C46-5DB58006995C}.Debug|x86.Build.0 = Debug|x86
		{924A20A8-B82C-4B7D-9C46-5DB58006995C}.Debug|x86.Deploy.0 = Debug|x86
		{924A20A8-B82C-4B7D-9C46-5DB58006995C}.Release|Any CPU.ActiveCfg = Release|Any CPU
		{924A20A8-B82C-4B7D-9C46-5DB58006995C}.Release|Any CPU.Build.0 = Release|Any CPU
		{924A20A8-B82C-4B7D-9C46-5DB58006995C}.Release|Any CPU.Deploy.0 = Release|Any CPU
		{924A20A8-B82C-4B7D-9C46-5DB58006995C}.Release|ARM.ActiveCfg = Release|ARM
		{924A20A8-B82C-4B7D-9C46-5DB58006995C}.Release|ARM.Build.0 = Release|ARM
		{924A20A8-B82C-4B7D-9C46-5DB58006995C}.Release|ARM.Deploy.0 = Release|ARM
		{924A20A8-B82C-4B7D-9C46-5DB58006995C}.Release|iPhone.ActiveCfg = Release|Any CPU
		{924A20A8-B82C-4B7D-9C46-5DB58006995C}.Release|iPhone.Build.0 = Release|Any CPU
		{924A20A8-B82C-4B7D-9C46-5DB58006995C}.Release|iPhone.Deploy.0 = Release|Any CPU
		{924A20A8-B82C-4B7D-9C46-5DB58006995C}.Release|iPhoneSimulator.ActiveCfg = Release|Any CPU
		{924A20A8-B82C-4B7D-9C46-5DB58006995C}.Release|iPhoneSimulator.Build.0 = Release|Any CPU
		{924A20A8-B82C-4B7D-9C46-5DB58006995C}.Release|iPhoneSimulator.Deploy.0 = Release|Any CPU
		{924A20A8-B82C-4B7D-9C46-5DB58006995C}.Release|x64.ActiveCfg = Release|Any CPU
		{924A20A8-B82C-4B7D-9C46-5DB58006995C}.Release|x64.Build.0 = Release|Any CPU
		{924A20A8-B82C-4B7D-9C46-5DB58006995C}.Release|x64.Deploy.0 = Release|Any CPU
		{924A20A8-B82C-4B7D-9C46-5DB58006995C}.Release|x86.ActiveCfg = Release|x86
		{924A20A8-B82C-4B7D-9C46-5DB58006995C}.Release|x86.Build.0 = Release|x86
		{924A20A8-B82C-4B7D-9C46-5DB58006995C}.Release|x86.Deploy.0 = Release|x86
		{74FA2B2F-89EC-4C72-9FE2-6E36DE3C49ED}.Ad-Hoc|Any CPU.ActiveCfg = Release|x86
		{74FA2B2F-89EC-4C72-9FE2-6E36DE3C49ED}.Ad-Hoc|Any CPU.Build.0 = Release|x86
		{74FA2B2F-89EC-4C72-9FE2-6E36DE3C49ED}.Ad-Hoc|Any CPU.Deploy.0 = Release|x86
		{74FA2B2F-89EC-4C72-9FE2-6E36DE3C49ED}.Ad-Hoc|ARM.ActiveCfg = Release|ARM
		{74FA2B2F-89EC-4C72-9FE2-6E36DE3C49ED}.Ad-Hoc|ARM.Build.0 = Release|ARM
		{74FA2B2F-89EC-4C72-9FE2-6E36DE3C49ED}.Ad-Hoc|ARM.Deploy.0 = Release|ARM
		{74FA2B2F-89EC-4C72-9FE2-6E36DE3C49ED}.Ad-Hoc|iPhone.ActiveCfg = Release|x86
		{74FA2B2F-89EC-4C72-9FE2-6E36DE3C49ED}.Ad-Hoc|iPhone.Build.0 = Release|x86
		{74FA2B2F-89EC-4C72-9FE2-6E36DE3C49ED}.Ad-Hoc|iPhone.Deploy.0 = Release|x86
		{74FA2B2F-89EC-4C72-9FE2-6E36DE3C49ED}.Ad-Hoc|iPhoneSimulator.ActiveCfg = Release|x86
		{74FA2B2F-89EC-4C72-9FE2-6E36DE3C49ED}.Ad-Hoc|iPhoneSimulator.Build.0 = Release|x86
		{74FA2B2F-89EC-4C72-9FE2-6E36DE3C49ED}.Ad-Hoc|iPhoneSimulator.Deploy.0 = Release|x86
		{74FA2B2F-89EC-4C72-9FE2-6E36DE3C49ED}.Ad-Hoc|x64.ActiveCfg = Release|x64
		{74FA2B2F-89EC-4C72-9FE2-6E36DE3C49ED}.Ad-Hoc|x64.Build.0 = Release|x64
		{74FA2B2F-89EC-4C72-9FE2-6E36DE3C49ED}.Ad-Hoc|x64.Deploy.0 = Release|x64
		{74FA2B2F-89EC-4C72-9FE2-6E36DE3C49ED}.Ad-Hoc|x86.ActiveCfg = Release|x86
		{74FA2B2F-89EC-4C72-9FE2-6E36DE3C49ED}.Ad-Hoc|x86.Build.0 = Release|x86
		{74FA2B2F-89EC-4C72-9FE2-6E36DE3C49ED}.Ad-Hoc|x86.Deploy.0 = Release|x86
		{74FA2B2F-89EC-4C72-9FE2-6E36DE3C49ED}.AppStore|Any CPU.ActiveCfg = Release|x86
		{74FA2B2F-89EC-4C72-9FE2-6E36DE3C49ED}.AppStore|Any CPU.Build.0 = Release|x86
		{74FA2B2F-89EC-4C72-9FE2-6E36DE3C49ED}.AppStore|Any CPU.Deploy.0 = Release|x86
		{74FA2B2F-89EC-4C72-9FE2-6E36DE3C49ED}.AppStore|ARM.ActiveCfg = Release|ARM
		{74FA2B2F-89EC-4C72-9FE2-6E36DE3C49ED}.AppStore|ARM.Build.0 = Release|ARM
		{74FA2B2F-89EC-4C72-9FE2-6E36DE3C49ED}.AppStore|ARM.Deploy.0 = Release|ARM
		{74FA2B2F-89EC-4C72-9FE2-6E36DE3C49ED}.AppStore|iPhone.ActiveCfg = Release|x86
		{74FA2B2F-89EC-4C72-9FE2-6E36DE3C49ED}.AppStore|iPhone.Build.0 = Release|x86
		{74FA2B2F-89EC-4C72-9FE2-6E36DE3C49ED}.AppStore|iPhone.Deploy.0 = Release|x86
		{74FA2B2F-89EC-4C72-9FE2-6E36DE3C49ED}.AppStore|iPhoneSimulator.ActiveCfg = Release|x86
		{74FA2B2F-89EC-4C72-9FE2-6E36DE3C49ED}.AppStore|iPhoneSimulator.Build.0 = Release|x86
		{74FA2B2F-89EC-4C72-9FE2-6E36DE3C49ED}.AppStore|iPhoneSimulator.Deploy.0 = Release|x86
		{74FA2B2F-89EC-4C72-9FE2-6E36DE3C49ED}.AppStore|x64.ActiveCfg = Release|x64
		{74FA2B2F-89EC-4C72-9FE2-6E36DE3C49ED}.AppStore|x64.Build.0 = Release|x64
		{74FA2B2F-89EC-4C72-9FE2-6E36DE3C49ED}.AppStore|x64.Deploy.0 = Release|x64
		{74FA2B2F-89EC-4C72-9FE2-6E36DE3C49ED}.AppStore|x86.ActiveCfg = Release|x86
		{74FA2B2F-89EC-4C72-9FE2-6E36DE3C49ED}.AppStore|x86.Build.0 = Release|x86
		{74FA2B2F-89EC-4C72-9FE2-6E36DE3C49ED}.AppStore|x86.Deploy.0 = Release|x86
		{74FA2B2F-89EC-4C72-9FE2-6E36DE3C49ED}.Debug|Any CPU.ActiveCfg = Debug|x86
		{74FA2B2F-89EC-4C72-9FE2-6E36DE3C49ED}.Debug|ARM.ActiveCfg = Debug|ARM
		{74FA2B2F-89EC-4C72-9FE2-6E36DE3C49ED}.Debug|ARM.Build.0 = Debug|ARM
		{74FA2B2F-89EC-4C72-9FE2-6E36DE3C49ED}.Debug|ARM.Deploy.0 = Debug|ARM
		{74FA2B2F-89EC-4C72-9FE2-6E36DE3C49ED}.Debug|iPhone.ActiveCfg = Debug|x86
		{74FA2B2F-89EC-4C72-9FE2-6E36DE3C49ED}.Debug|iPhoneSimulator.ActiveCfg = Debug|x86
		{74FA2B2F-89EC-4C72-9FE2-6E36DE3C49ED}.Debug|x64.ActiveCfg = Debug|x64
		{74FA2B2F-89EC-4C72-9FE2-6E36DE3C49ED}.Debug|x64.Build.0 = Debug|x64
		{74FA2B2F-89EC-4C72-9FE2-6E36DE3C49ED}.Debug|x64.Deploy.0 = Debug|x64
		{74FA2B2F-89EC-4C72-9FE2-6E36DE3C49ED}.Debug|x86.ActiveCfg = Debug|x86
		{74FA2B2F-89EC-4C72-9FE2-6E36DE3C49ED}.Debug|x86.Build.0 = Debug|x86
		{74FA2B2F-89EC-4C72-9FE2-6E36DE3C49ED}.Debug|x86.Deploy.0 = Debug|x86
		{74FA2B2F-89EC-4C72-9FE2-6E36DE3C49ED}.Release|Any CPU.ActiveCfg = Release|x86
		{74FA2B2F-89EC-4C72-9FE2-6E36DE3C49ED}.Release|ARM.ActiveCfg = Release|ARM
		{74FA2B2F-89EC-4C72-9FE2-6E36DE3C49ED}.Release|ARM.Build.0 = Release|ARM
		{74FA2B2F-89EC-4C72-9FE2-6E36DE3C49ED}.Release|ARM.Deploy.0 = Release|ARM
		{74FA2B2F-89EC-4C72-9FE2-6E36DE3C49ED}.Release|iPhone.ActiveCfg = Release|x86
		{74FA2B2F-89EC-4C72-9FE2-6E36DE3C49ED}.Release|iPhoneSimulator.ActiveCfg = Release|x86
		{74FA2B2F-89EC-4C72-9FE2-6E36DE3C49ED}.Release|x64.ActiveCfg = Release|x64
		{74FA2B2F-89EC-4C72-9FE2-6E36DE3C49ED}.Release|x64.Build.0 = Release|x64
		{74FA2B2F-89EC-4C72-9FE2-6E36DE3C49ED}.Release|x64.Deploy.0 = Release|x64
		{74FA2B2F-89EC-4C72-9FE2-6E36DE3C49ED}.Release|x86.ActiveCfg = Release|x86
		{74FA2B2F-89EC-4C72-9FE2-6E36DE3C49ED}.Release|x86.Build.0 = Release|x86
		{74FA2B2F-89EC-4C72-9FE2-6E36DE3C49ED}.Release|x86.Deploy.0 = Release|x86
		{FCC49335-A83B-46DB-86B1-71A0E6AFC0E6}.Ad-Hoc|Any CPU.ActiveCfg = Release|Any CPU
		{FCC49335-A83B-46DB-86B1-71A0E6AFC0E6}.Ad-Hoc|Any CPU.Build.0 = Release|Any CPU
		{FCC49335-A83B-46DB-86B1-71A0E6AFC0E6}.Ad-Hoc|Any CPU.Deploy.0 = Release|Any CPU
		{FCC49335-A83B-46DB-86B1-71A0E6AFC0E6}.Ad-Hoc|ARM.ActiveCfg = Release|ARM
		{FCC49335-A83B-46DB-86B1-71A0E6AFC0E6}.Ad-Hoc|ARM.Build.0 = Release|ARM
		{FCC49335-A83B-46DB-86B1-71A0E6AFC0E6}.Ad-Hoc|ARM.Deploy.0 = Release|ARM
		{FCC49335-A83B-46DB-86B1-71A0E6AFC0E6}.Ad-Hoc|iPhone.ActiveCfg = Release|Any CPU
		{FCC49335-A83B-46DB-86B1-71A0E6AFC0E6}.Ad-Hoc|iPhone.Build.0 = Release|Any CPU
		{FCC49335-A83B-46DB-86B1-71A0E6AFC0E6}.Ad-Hoc|iPhone.Deploy.0 = Release|Any CPU
		{FCC49335-A83B-46DB-86B1-71A0E6AFC0E6}.Ad-Hoc|iPhoneSimulator.ActiveCfg = Release|Any CPU
		{FCC49335-A83B-46DB-86B1-71A0E6AFC0E6}.Ad-Hoc|iPhoneSimulator.Build.0 = Release|Any CPU
		{FCC49335-A83B-46DB-86B1-71A0E6AFC0E6}.Ad-Hoc|iPhoneSimulator.Deploy.0 = Release|Any CPU
		{FCC49335-A83B-46DB-86B1-71A0E6AFC0E6}.Ad-Hoc|x64.ActiveCfg = Release|x64
		{FCC49335-A83B-46DB-86B1-71A0E6AFC0E6}.Ad-Hoc|x64.Build.0 = Release|x64
		{FCC49335-A83B-46DB-86B1-71A0E6AFC0E6}.Ad-Hoc|x64.Deploy.0 = Release|x64
		{FCC49335-A83B-46DB-86B1-71A0E6AFC0E6}.Ad-Hoc|x86.ActiveCfg = Release|x86
		{FCC49335-A83B-46DB-86B1-71A0E6AFC0E6}.Ad-Hoc|x86.Build.0 = Release|x86
		{FCC49335-A83B-46DB-86B1-71A0E6AFC0E6}.Ad-Hoc|x86.Deploy.0 = Release|x86
		{FCC49335-A83B-46DB-86B1-71A0E6AFC0E6}.AppStore|Any CPU.ActiveCfg = Release|Any CPU
		{FCC49335-A83B-46DB-86B1-71A0E6AFC0E6}.AppStore|Any CPU.Build.0 = Release|Any CPU
		{FCC49335-A83B-46DB-86B1-71A0E6AFC0E6}.AppStore|Any CPU.Deploy.0 = Release|Any CPU
		{FCC49335-A83B-46DB-86B1-71A0E6AFC0E6}.AppStore|ARM.ActiveCfg = Release|ARM
		{FCC49335-A83B-46DB-86B1-71A0E6AFC0E6}.AppStore|ARM.Build.0 = Release|ARM
		{FCC49335-A83B-46DB-86B1-71A0E6AFC0E6}.AppStore|ARM.Deploy.0 = Release|ARM
		{FCC49335-A83B-46DB-86B1-71A0E6AFC0E6}.AppStore|iPhone.ActiveCfg = Release|Any CPU
		{FCC49335-A83B-46DB-86B1-71A0E6AFC0E6}.AppStore|iPhone.Build.0 = Release|Any CPU
		{FCC49335-A83B-46DB-86B1-71A0E6AFC0E6}.AppStore|iPhone.Deploy.0 = Release|Any CPU
		{FCC49335-A83B-46DB-86B1-71A0E6AFC0E6}.AppStore|iPhoneSimulator.ActiveCfg = Release|Any CPU
		{FCC49335-A83B-46DB-86B1-71A0E6AFC0E6}.AppStore|iPhoneSimulator.Build.0 = Release|Any CPU
		{FCC49335-A83B-46DB-86B1-71A0E6AFC0E6}.AppStore|iPhoneSimulator.Deploy.0 = Release|Any CPU
		{FCC49335-A83B-46DB-86B1-71A0E6AFC0E6}.AppStore|x64.ActiveCfg = Release|x64
		{FCC49335-A83B-46DB-86B1-71A0E6AFC0E6}.AppStore|x64.Build.0 = Release|x64
		{FCC49335-A83B-46DB-86B1-71A0E6AFC0E6}.AppStore|x64.Deploy.0 = Release|x64
		{FCC49335-A83B-46DB-86B1-71A0E6AFC0E6}.AppStore|x86.ActiveCfg = Release|x86
		{FCC49335-A83B-46DB-86B1-71A0E6AFC0E6}.AppStore|x86.Build.0 = Release|x86
		{FCC49335-A83B-46DB-86B1-71A0E6AFC0E6}.AppStore|x86.Deploy.0 = Release|x86
		{FCC49335-A83B-46DB-86B1-71A0E6AFC0E6}.Debug|Any CPU.ActiveCfg = Debug|Any CPU
		{FCC49335-A83B-46DB-86B1-71A0E6AFC0E6}.Debug|Any CPU.Build.0 = Debug|Any CPU
		{FCC49335-A83B-46DB-86B1-71A0E6AFC0E6}.Debug|Any CPU.Deploy.0 = Debug|Any CPU
		{FCC49335-A83B-46DB-86B1-71A0E6AFC0E6}.Debug|ARM.ActiveCfg = Debug|ARM
		{FCC49335-A83B-46DB-86B1-71A0E6AFC0E6}.Debug|ARM.Build.0 = Debug|ARM
		{FCC49335-A83B-46DB-86B1-71A0E6AFC0E6}.Debug|ARM.Deploy.0 = Debug|ARM
		{FCC49335-A83B-46DB-86B1-71A0E6AFC0E6}.Debug|iPhone.ActiveCfg = Debug|Any CPU
		{FCC49335-A83B-46DB-86B1-71A0E6AFC0E6}.Debug|iPhone.Build.0 = Debug|Any CPU
		{FCC49335-A83B-46DB-86B1-71A0E6AFC0E6}.Debug|iPhone.Deploy.0 = Debug|Any CPU
		{FCC49335-A83B-46DB-86B1-71A0E6AFC0E6}.Debug|iPhoneSimulator.ActiveCfg = Debug|Any CPU
		{FCC49335-A83B-46DB-86B1-71A0E6AFC0E6}.Debug|iPhoneSimulator.Build.0 = Debug|Any CPU
		{FCC49335-A83B-46DB-86B1-71A0E6AFC0E6}.Debug|iPhoneSimulator.Deploy.0 = Debug|Any CPU
		{FCC49335-A83B-46DB-86B1-71A0E6AFC0E6}.Debug|x64.ActiveCfg = Debug|x64
		{FCC49335-A83B-46DB-86B1-71A0E6AFC0E6}.Debug|x64.Build.0 = Debug|x64
		{FCC49335-A83B-46DB-86B1-71A0E6AFC0E6}.Debug|x64.Deploy.0 = Debug|x64
		{FCC49335-A83B-46DB-86B1-71A0E6AFC0E6}.Debug|x86.ActiveCfg = Debug|x86
		{FCC49335-A83B-46DB-86B1-71A0E6AFC0E6}.Debug|x86.Build.0 = Debug|x86
		{FCC49335-A83B-46DB-86B1-71A0E6AFC0E6}.Debug|x86.Deploy.0 = Debug|x86
		{FCC49335-A83B-46DB-86B1-71A0E6AFC0E6}.Release|Any CPU.ActiveCfg = Release|Any CPU
		{FCC49335-A83B-46DB-86B1-71A0E6AFC0E6}.Release|Any CPU.Build.0 = Release|Any CPU
		{FCC49335-A83B-46DB-86B1-71A0E6AFC0E6}.Release|Any CPU.Deploy.0 = Release|Any CPU
		{FCC49335-A83B-46DB-86B1-71A0E6AFC0E6}.Release|ARM.ActiveCfg = Release|ARM
		{FCC49335-A83B-46DB-86B1-71A0E6AFC0E6}.Release|ARM.Build.0 = Release|ARM
		{FCC49335-A83B-46DB-86B1-71A0E6AFC0E6}.Release|ARM.Deploy.0 = Release|ARM
		{FCC49335-A83B-46DB-86B1-71A0E6AFC0E6}.Release|iPhone.ActiveCfg = Release|Any CPU
		{FCC49335-A83B-46DB-86B1-71A0E6AFC0E6}.Release|iPhone.Build.0 = Release|Any CPU
		{FCC49335-A83B-46DB-86B1-71A0E6AFC0E6}.Release|iPhone.Deploy.0 = Release|Any CPU
		{FCC49335-A83B-46DB-86B1-71A0E6AFC0E6}.Release|iPhoneSimulator.ActiveCfg = Release|Any CPU
		{FCC49335-A83B-46DB-86B1-71A0E6AFC0E6}.Release|iPhoneSimulator.Build.0 = Release|Any CPU
		{FCC49335-A83B-46DB-86B1-71A0E6AFC0E6}.Release|iPhoneSimulator.Deploy.0 = Release|Any CPU
		{FCC49335-A83B-46DB-86B1-71A0E6AFC0E6}.Release|x64.ActiveCfg = Release|x64
		{FCC49335-A83B-46DB-86B1-71A0E6AFC0E6}.Release|x64.Build.0 = Release|x64
		{FCC49335-A83B-46DB-86B1-71A0E6AFC0E6}.Release|x64.Deploy.0 = Release|x64
		{FCC49335-A83B-46DB-86B1-71A0E6AFC0E6}.Release|x86.ActiveCfg = Release|x86
		{FCC49335-A83B-46DB-86B1-71A0E6AFC0E6}.Release|x86.Build.0 = Release|x86
		{FCC49335-A83B-46DB-86B1-71A0E6AFC0E6}.Release|x86.Deploy.0 = Release|x86
		{B027A8E5-42A5-47C5-9BBD-5A87D7A6522B}.Ad-Hoc|Any CPU.ActiveCfg = Release|Any CPU
		{B027A8E5-42A5-47C5-9BBD-5A87D7A6522B}.Ad-Hoc|Any CPU.Build.0 = Release|Any CPU
		{B027A8E5-42A5-47C5-9BBD-5A87D7A6522B}.Ad-Hoc|ARM.ActiveCfg = Release|Any CPU
		{B027A8E5-42A5-47C5-9BBD-5A87D7A6522B}.Ad-Hoc|ARM.Build.0 = Release|Any CPU
		{B027A8E5-42A5-47C5-9BBD-5A87D7A6522B}.Ad-Hoc|iPhone.ActiveCfg = Release|Any CPU
		{B027A8E5-42A5-47C5-9BBD-5A87D7A6522B}.Ad-Hoc|iPhone.Build.0 = Release|Any CPU
		{B027A8E5-42A5-47C5-9BBD-5A87D7A6522B}.Ad-Hoc|iPhoneSimulator.ActiveCfg = Release|Any CPU
		{B027A8E5-42A5-47C5-9BBD-5A87D7A6522B}.Ad-Hoc|iPhoneSimulator.Build.0 = Release|Any CPU
		{B027A8E5-42A5-47C5-9BBD-5A87D7A6522B}.Ad-Hoc|x64.ActiveCfg = Release|Any CPU
		{B027A8E5-42A5-47C5-9BBD-5A87D7A6522B}.Ad-Hoc|x64.Build.0 = Release|Any CPU
		{B027A8E5-42A5-47C5-9BBD-5A87D7A6522B}.Ad-Hoc|x86.ActiveCfg = Release|Any CPU
		{B027A8E5-42A5-47C5-9BBD-5A87D7A6522B}.Ad-Hoc|x86.Build.0 = Release|Any CPU
		{B027A8E5-42A5-47C5-9BBD-5A87D7A6522B}.AppStore|Any CPU.ActiveCfg = Release|Any CPU
		{B027A8E5-42A5-47C5-9BBD-5A87D7A6522B}.AppStore|Any CPU.Build.0 = Release|Any CPU
		{B027A8E5-42A5-47C5-9BBD-5A87D7A6522B}.AppStore|ARM.ActiveCfg = Release|Any CPU
		{B027A8E5-42A5-47C5-9BBD-5A87D7A6522B}.AppStore|ARM.Build.0 = Release|Any CPU
		{B027A8E5-42A5-47C5-9BBD-5A87D7A6522B}.AppStore|iPhone.ActiveCfg = Release|Any CPU
		{B027A8E5-42A5-47C5-9BBD-5A87D7A6522B}.AppStore|iPhone.Build.0 = Release|Any CPU
		{B027A8E5-42A5-47C5-9BBD-5A87D7A6522B}.AppStore|iPhoneSimulator.ActiveCfg = Release|Any CPU
		{B027A8E5-42A5-47C5-9BBD-5A87D7A6522B}.AppStore|iPhoneSimulator.Build.0 = Release|Any CPU
		{B027A8E5-42A5-47C5-9BBD-5A87D7A6522B}.AppStore|x64.ActiveCfg = Release|Any CPU
		{B027A8E5-42A5-47C5-9BBD-5A87D7A6522B}.AppStore|x64.Build.0 = Release|Any CPU
		{B027A8E5-42A5-47C5-9BBD-5A87D7A6522B}.AppStore|x86.ActiveCfg = Release|Any CPU
		{B027A8E5-42A5-47C5-9BBD-5A87D7A6522B}.AppStore|x86.Build.0 = Release|Any CPU
		{B027A8E5-42A5-47C5-9BBD-5A87D7A6522B}.Debug|Any CPU.ActiveCfg = Debug|Any CPU
		{B027A8E5-42A5-47C5-9BBD-5A87D7A6522B}.Debug|Any CPU.Build.0 = Debug|Any CPU
		{B027A8E5-42A5-47C5-9BBD-5A87D7A6522B}.Debug|ARM.ActiveCfg = Debug|Any CPU
		{B027A8E5-42A5-47C5-9BBD-5A87D7A6522B}.Debug|ARM.Build.0 = Debug|Any CPU
		{B027A8E5-42A5-47C5-9BBD-5A87D7A6522B}.Debug|iPhone.ActiveCfg = Debug|Any CPU
		{B027A8E5-42A5-47C5-9BBD-5A87D7A6522B}.Debug|iPhone.Build.0 = Debug|Any CPU
		{B027A8E5-42A5-47C5-9BBD-5A87D7A6522B}.Debug|iPhoneSimulator.ActiveCfg = Debug|Any CPU
		{B027A8E5-42A5-47C5-9BBD-5A87D7A6522B}.Debug|iPhoneSimulator.Build.0 = Debug|Any CPU
		{B027A8E5-42A5-47C5-9BBD-5A87D7A6522B}.Debug|x64.ActiveCfg = Debug|Any CPU
		{B027A8E5-42A5-47C5-9BBD-5A87D7A6522B}.Debug|x64.Build.0 = Debug|Any CPU
		{B027A8E5-42A5-47C5-9BBD-5A87D7A6522B}.Debug|x86.ActiveCfg = Debug|Any CPU
		{B027A8E5-42A5-47C5-9BBD-5A87D7A6522B}.Debug|x86.Build.0 = Debug|Any CPU
		{B027A8E5-42A5-47C5-9BBD-5A87D7A6522B}.Release|Any CPU.ActiveCfg = Release|Any CPU
		{B027A8E5-42A5-47C5-9BBD-5A87D7A6522B}.Release|Any CPU.Build.0 = Release|Any CPU
		{B027A8E5-42A5-47C5-9BBD-5A87D7A6522B}.Release|ARM.ActiveCfg = Release|Any CPU
		{B027A8E5-42A5-47C5-9BBD-5A87D7A6522B}.Release|ARM.Build.0 = Release|Any CPU
		{B027A8E5-42A5-47C5-9BBD-5A87D7A6522B}.Release|iPhone.ActiveCfg = Release|Any CPU
		{B027A8E5-42A5-47C5-9BBD-5A87D7A6522B}.Release|iPhone.Build.0 = Release|Any CPU
		{B027A8E5-42A5-47C5-9BBD-5A87D7A6522B}.Release|iPhoneSimulator.ActiveCfg = Release|Any CPU
		{B027A8E5-42A5-47C5-9BBD-5A87D7A6522B}.Release|iPhoneSimulator.Build.0 = Release|Any CPU
		{B027A8E5-42A5-47C5-9BBD-5A87D7A6522B}.Release|x64.ActiveCfg = Release|Any CPU
		{B027A8E5-42A5-47C5-9BBD-5A87D7A6522B}.Release|x64.Build.0 = Release|Any CPU
		{B027A8E5-42A5-47C5-9BBD-5A87D7A6522B}.Release|x86.ActiveCfg = Release|Any CPU
		{B027A8E5-42A5-47C5-9BBD-5A87D7A6522B}.Release|x86.Build.0 = Release|Any CPU
		{C0C04258-0808-4C87-8DCE-B1661C7E5021}.Ad-Hoc|Any CPU.ActiveCfg = Release|Any CPU
		{C0C04258-0808-4C87-8DCE-B1661C7E5021}.Ad-Hoc|Any CPU.Build.0 = Release|Any CPU
		{C0C04258-0808-4C87-8DCE-B1661C7E5021}.Ad-Hoc|ARM.ActiveCfg = Release|Any CPU
		{C0C04258-0808-4C87-8DCE-B1661C7E5021}.Ad-Hoc|ARM.Build.0 = Release|Any CPU
		{C0C04258-0808-4C87-8DCE-B1661C7E5021}.Ad-Hoc|iPhone.ActiveCfg = Release|Any CPU
		{C0C04258-0808-4C87-8DCE-B1661C7E5021}.Ad-Hoc|iPhone.Build.0 = Release|Any CPU
		{C0C04258-0808-4C87-8DCE-B1661C7E5021}.Ad-Hoc|iPhoneSimulator.ActiveCfg = Release|Any CPU
		{C0C04258-0808-4C87-8DCE-B1661C7E5021}.Ad-Hoc|iPhoneSimulator.Build.0 = Release|Any CPU
		{C0C04258-0808-4C87-8DCE-B1661C7E5021}.Ad-Hoc|x64.ActiveCfg = Release|Any CPU
		{C0C04258-0808-4C87-8DCE-B1661C7E5021}.Ad-Hoc|x64.Build.0 = Release|Any CPU
		{C0C04258-0808-4C87-8DCE-B1661C7E5021}.Ad-Hoc|x86.ActiveCfg = Release|Any CPU
		{C0C04258-0808-4C87-8DCE-B1661C7E5021}.Ad-Hoc|x86.Build.0 = Release|Any CPU
		{C0C04258-0808-4C87-8DCE-B1661C7E5021}.AppStore|Any CPU.ActiveCfg = Release|Any CPU
		{C0C04258-0808-4C87-8DCE-B1661C7E5021}.AppStore|Any CPU.Build.0 = Release|Any CPU
		{C0C04258-0808-4C87-8DCE-B1661C7E5021}.AppStore|ARM.ActiveCfg = Release|Any CPU
		{C0C04258-0808-4C87-8DCE-B1661C7E5021}.AppStore|ARM.Build.0 = Release|Any CPU
		{C0C04258-0808-4C87-8DCE-B1661C7E5021}.AppStore|iPhone.ActiveCfg = Release|Any CPU
		{C0C04258-0808-4C87-8DCE-B1661C7E5021}.AppStore|iPhone.Build.0 = Release|Any CPU
		{C0C04258-0808-4C87-8DCE-B1661C7E5021}.AppStore|iPhoneSimulator.ActiveCfg = Release|Any CPU
		{C0C04258-0808-4C87-8DCE-B1661C7E5021}.AppStore|iPhoneSimulator.Build.0 = Release|Any CPU
		{C0C04258-0808-4C87-8DCE-B1661C7E5021}.AppStore|x64.ActiveCfg = Release|Any CPU
		{C0C04258-0808-4C87-8DCE-B1661C7E5021}.AppStore|x64.Build.0 = Release|Any CPU
		{C0C04258-0808-4C87-8DCE-B1661C7E5021}.AppStore|x86.ActiveCfg = Release|Any CPU
		{C0C04258-0808-4C87-8DCE-B1661C7E5021}.AppStore|x86.Build.0 = Release|Any CPU
		{C0C04258-0808-4C87-8DCE-B1661C7E5021}.Debug|Any CPU.ActiveCfg = Debug|Any CPU
		{C0C04258-0808-4C87-8DCE-B1661C7E5021}.Debug|Any CPU.Build.0 = Debug|Any CPU
		{C0C04258-0808-4C87-8DCE-B1661C7E5021}.Debug|ARM.ActiveCfg = Debug|Any CPU
		{C0C04258-0808-4C87-8DCE-B1661C7E5021}.Debug|ARM.Build.0 = Debug|Any CPU
		{C0C04258-0808-4C87-8DCE-B1661C7E5021}.Debug|iPhone.ActiveCfg = Debug|Any CPU
		{C0C04258-0808-4C87-8DCE-B1661C7E5021}.Debug|iPhone.Build.0 = Debug|Any CPU
		{C0C04258-0808-4C87-8DCE-B1661C7E5021}.Debug|iPhoneSimulator.ActiveCfg = Debug|Any CPU
		{C0C04258-0808-4C87-8DCE-B1661C7E5021}.Debug|iPhoneSimulator.Build.0 = Debug|Any CPU
		{C0C04258-0808-4C87-8DCE-B1661C7E5021}.Debug|x64.ActiveCfg = Debug|Any CPU
		{C0C04258-0808-4C87-8DCE-B1661C7E5021}.Debug|x64.Build.0 = Debug|Any CPU
		{C0C04258-0808-4C87-8DCE-B1661C7E5021}.Debug|x86.ActiveCfg = Debug|Any CPU
		{C0C04258-0808-4C87-8DCE-B1661C7E5021}.Debug|x86.Build.0 = Debug|Any CPU
		{C0C04258-0808-4C87-8DCE-B1661C7E5021}.Release|Any CPU.ActiveCfg = Release|Any CPU
		{C0C04258-0808-4C87-8DCE-B1661C7E5021}.Release|Any CPU.Build.0 = Release|Any CPU
		{C0C04258-0808-4C87-8DCE-B1661C7E5021}.Release|ARM.ActiveCfg = Release|Any CPU
		{C0C04258-0808-4C87-8DCE-B1661C7E5021}.Release|ARM.Build.0 = Release|Any CPU
		{C0C04258-0808-4C87-8DCE-B1661C7E5021}.Release|iPhone.ActiveCfg = Release|Any CPU
		{C0C04258-0808-4C87-8DCE-B1661C7E5021}.Release|iPhone.Build.0 = Release|Any CPU
		{C0C04258-0808-4C87-8DCE-B1661C7E5021}.Release|iPhoneSimulator.ActiveCfg = Release|Any CPU
		{C0C04258-0808-4C87-8DCE-B1661C7E5021}.Release|iPhoneSimulator.Build.0 = Release|Any CPU
		{C0C04258-0808-4C87-8DCE-B1661C7E5021}.Release|x64.ActiveCfg = Release|Any CPU
		{C0C04258-0808-4C87-8DCE-B1661C7E5021}.Release|x64.Build.0 = Release|Any CPU
		{C0C04258-0808-4C87-8DCE-B1661C7E5021}.Release|x86.ActiveCfg = Release|Any CPU
		{C0C04258-0808-4C87-8DCE-B1661C7E5021}.Release|x86.Build.0 = Release|Any CPU
	EndGlobalSection
	GlobalSection(SolutionProperties) = preSolution
		HideSolutionNode = FALSE
	EndGlobalSection
EndGlobal
